{
  "name": "hypr",
  "lockfileVersion": 3,
  "requires": true,
  "packages": {
    "": {
      "dependencies": {
        "g": "^2.0.1",
        "opencode-ai": "^1.18.12"
      }
    },
    "node_modules/g": {
      "version": "2.0.1",
      "resolved": "https://registry.npmjs.org/g/-/g-2.0.1.tgz",
      "integrity": "sha512-Fi6Ng5fZ/ANLQ15H11hCe+09sgUoNvDEBevVgx3KoYOhsH5iLNPn54hx0jPZ+3oSWr+xajnp2Qau9VmPsc7hTA==",
      "license": "MIT"
    },
    "node_modules/opencode-ai": {
      "version": "1.18.12",
      "resolved": "https://registry.npmjs.org/opencode-ai/-/opencode-ai-1.18.12.tgz",
      "integrity": "sha512-3pDzNXO9aHzHUzdLySLWPoYmL6hoUUqWtn+HurG9KTWPqerRegsU7GgCtUH5cpaUikgTyzpEtbfE8F0/dToSEg==",
      "cpu": [
        "arm64",
        "x64"
      ],
      "hasInstallScript": true,
      "license": "MIT",
      "os": [
        "darwin",
        "linux",
        "win32"
      ],
      "bin": {
        "opencode": "bin/opencode.exe"
      },
      "optionalDependencies": {
        "opencode-darwin-arm64": "1.18.12",
        "opencode-darwin-x64": "1.18.12",
        "opencode-darwin-x64-baseline": "1.18.12",
        "opencode-linux-arm64": "1.18.12",
        "opencode-linux-arm64-musl": "1.18.12",
        "opencode-linux-x64": "1.18.12",
        "opencode-linux-x64-baseline": "1.18.12",
        "opencode-linux-x64-baseline-musl": "1.18.12",
        "opencode-linux-x64-musl": "1.18.12",
        "opencode-windows-arm64": "1.18.12",
        "opencode-windows-x64": "1.18.12",
        "opencode-windows-x64-baseline": "1.18.12"
      }
    },
    "node_modules/opencode-darwin-arm64": {
      "version": "1.18.12",
      "resolved": "https://registry.npmjs.org/opencode-darwin-arm64/-/opencode-darwin-arm64-1.18.12.tgz",
      "integrity": "sha512-8RbpZKMJnXzl/fMjvdBxZI/j84Vqa+qnkfChsxU8tGNAa0fVsK9s64D8/SK86XIpfebx5F/+EciYFlOsdpRUzw==",
      "cpu": [
        "arm64"
      ],
      "optional": true,
      "os": [
        "darwin"
      ]
    },
    "node_modules/opencode-darwin-x64": {
      "version": "1.18.12",
      "resolved": "https://registry.npmjs.org/opencode-darwin-x64/-/opencode-darwin-x64-1.18.12.tgz",
      "integrity": "sha512-Ez72VKHvGq8VBChiSWrBqQ4EXXM9aVkoQoNBWZPDxcNga1dOa5UK/rcVDgMmqxSPdyFGZnaa5RG6Pyl2UsUUOQ==",
      "cpu": [
        "x64"
      ],
      "optional": true,
      "os": [
        "darwin"
      ]
    },
    "node_modules/opencode-darwin-x64-baseline": {
      "version": "1.18.12",
      "resolved": "https://registry.npmjs.org/opencode-darwin-x64-baseline/-/opencode-darwin-x64-baseline-1.18.12.tgz",
      "integrity": "sha512-yYJvIaDDNiU6weMLtLpLVs/QKUIFimAxVJCrLHAtc/5IwwVQjVNRiCnbqzIyvI7h5EK5kADMtiE+YrNZGvpW3g==",
      "cpu": [
        "x64"
      ],
      "optional": true,
      "os": [
        "darwin"
      ]
    },
    "node_modules/opencode-linux-arm64": {
      "version": "1.18.12",
      "resolved": "https://registry.npmjs.org/opencode-linux-arm64/-/opencode-linux-arm64-1.18.12.tgz",
      "integrity": "sha512-BcYNFtyzzsDdEzOkvRYEJBaEY7lgPrgT1+QA0VuHXnNUmw1RYmsD5rOrmQyLVK5vZyCCW0yhrsU6a0K7FNPrFg==",
      "cpu": [
        "arm64"
      ],
      "optional": true,
      "os": [
        "linux"
      ]
    },
    "node_modules/opencode-linux-arm64-musl": {
      "version": "1.18.12",
      "resolved": "https://registry.npmjs.org/opencode-linux-arm64-musl/-/opencode-linux-arm64-musl-1.18.12.tgz",
      "integrity": "sha512-J4PXmUpUq4mtJanjCtd1azFkmbkmFWgdKWHKFHSvx4PJlR06IKlFf5s0ZqW2139ifePz3hNl4OpYYkV4/ifI+w==",
      "cpu": [
        "arm64"
      ],
      "libc": [
        "musl"
      ],
      "optional": true,
      "os": [
        "linux"
      ]
    },
    "node_modules/opencode-linux-x64": {
      "version": "1.18.12",
      "resolved": "https://registry.npmjs.org/opencode-linux-x64/-/opencode-linux-x64-1.18.12.tgz",
      "integrity": "sha512-lxJvHq9yF9SCMhAJyQs0iS5YYctXCtPtXUXK37cC3IV3ubLWvorhQ6kTphpdbpLtMbO5mbr8eQVNfUH/XLnEzQ==",
      "cpu": [
        "x64"
      ],
      "optional": true,
      "os": [
        "linux"
      ]
    },
    "node_modules/opencode-linux-x64-baseline": {
      "version": "1.18.12",
      "resolved": "https://registry.npmjs.org/opencode-linux-x64-baseline/-/opencode-linux-x64-baseline-1.18.12.tgz",
      "integrity": "sha512-C8Dkji5puPsX8jw3h26FkJbjdI+TOSrHkMJmjVTvqOkhkXGalFM6axDenjZwBAA6JfvMIgR46wgjj2Owml/42g==",
      "cpu": [
        "x64"
      ],
      "optional": true,
      "os": [
        "linux"
      ]
    },
    "node_modules/opencode-linux-x64-baseline-musl": {
      "version": "1.18.12",
      "resolved": "https://registry.npmjs.org/opencode-linux-x64-baseline-musl/-/opencode-linux-x64-baseline-musl-1.18.12.tgz",
      "integrity": "sha512-G9t+TIxAn4BbD2Ne0v1gJFEorgnhJZ2KF/rAYGuPCW6NBLDGNGkYOSpVeA4k0SnvFNKYFB/OoXbLAhRNYb2hzA==",
      "cpu": [
        "x64"
      ],
      "libc": [
        "musl"
      ],
      "optional": true,
      "os": [
        "linux"
      ]
    },
    "node_modules/opencode-linux-x64-musl": {
      "version": "1.18.12",
      "resolved": "https://registry.npmjs.org/opencode-linux-x64-musl/-/opencode-linux-x64-musl-1.18.12.tgz",
      "integrity": "sha512-7vs14d5ipYSP97dxxjplmiSb3RyMB0kDQ+Xu5HJoFslw5oLLr1acMn+N9bDG8LepmidofQ1mKsiGgyqNjxsdTg==",
      "cpu": [
        "x64"
      ],
      "libc": [
        "musl"
      ],
      "optional": true,
      "os": [
        "linux"
      ]
    },
    "node_modules/opencode-windows-arm64": {
      "version": "1.18.12",
      "resolved": "https://registry.npmjs.org/opencode-windows-arm64/-/opencode-windows-arm64-1.18.12.tgz",
      "integrity": "sha512-8R9UTHcAw1F6Ded7ZN3hqUwAenb2/u5HGVVZ3mBFMVVk0FPMBViuaULbOcdMDbGgkpPV4EhnQDMqxYrOxS/CeQ==",
      "cpu": [
        "arm64"
      ],
      "optional": true,
      "os": [
        "win32"
      ]
    },
    "node_modules/opencode-windows-x64": {
      "version": "1.18.12",
      "resolved": "https://registry.npmjs.org/opencode-windows-x64/-/opencode-windows-x64-1.18.12.tgz",
      "integrity": "sha512-LFAlCVDK/bUqyN2QfapSRnceizd+0VU87wNx1eNFbRJ2KftAlnkkhcZqhQEEsndX4eAhiMm8iTzJi5DbSBN85g==",
      "cpu": [
        "x64"
      ],
      "optional": true,
      "os": [
        "win32"
      ]
    },
    "node_modules/opencode-windows-x64-baseline": {
      "version": "1.18.12",
      "resolved": "https://registry.npmjs.org/opencode-windows-x64-baseline/-/opencode-windows-x64-baseline-1.18.12.tgz",
      "integrity": "sha512-yrVVg19Bo8MGzRKnUMonITyT9rIHtyOc5t/ABDGqYKrnoxq1eZCpItW2bpbqTTuqCPY20dQR4rdYIVG1zF097g==",
      "cpu": [
        "x64"
      ],
      "optional": true,
      "os": [
        "win32"
      ]
    }
  }
}
